// !$*UTF8*$!
{
	archiveVersion = 1;
	classes = {
	};
	objectVersion = 56;
	objects = {

/* Begin PBXBuildFile section */
		D5DA2EDC2987217C0046B046 /* AppDelegate.swift in Sources */ = {isa = PBXBuildFile; fileRef = D5DA2EDB2987217C0046B046 /* AppDelegate.swift */; };
		D5DA2EDE2987217C0046B046 /* SceneDelegate.swift in Sources */ = {isa = PBXBuildFile; fileRef = D5DA2EDD2987217C0046B046 /* SceneDelegate.swift */; };
		D5DA2EE02987217C0046B046 /* ViewController.swift in Sources */ = {isa = PBXBuildFile; fileRef = D5DA2EDF2987217C0046B046 /* ViewController.swift */; };
		D5DA2EE32987217C0046B046 /* Main.storyboard in Resources */ = {isa = PBXBuildFile; fileRef = D5DA2EE12987217C0046B046 /* Main.storyboard */; };
		D5DA2EE52987217D0046B046 /* Assets.xcassets in Resources */ = {isa = PBXBuildFile; fileRef = D5DA2EE42987217D0046B046 /* Assets.xcassets */; };
		D5DA2EE82987217D0046B046 /* LaunchScreen.storyboard in Resources */ = {isa = PBXBuildFile; fileRef = D5DA2EE62987217D0046B046 /* LaunchScreen.storyboard */; };
		D5DA2EF029872A890046B046 /* Stock.swift in Sources */ = {isa = PBXBuildFile; fileRef = D5DA2EEF29872A890046B046 /* Stock.swift */; };
		D5DA2EF229872C740046B046 /* DataStore.swift in Sources */ = {isa = PBXBuildFile; fileRef = D5DA2EF129872C740046B046 /* DataStore.swift */; };
		D5DA2EF429872D710046B046 /* Utils.swift in Sources */ = {isa = PBXBuildFile; fileRef = D5DA2EF329872D710046B046 /* Utils.swift */; };
/* End PBXBuildFile section */

/* Begin PBXFileReference section */
		D5DA2ED82987217C0046B046 /* BitMon.app */ = {isa = PBXFileReference; explicitFileType = wrapper.application; includeInIndex = 0; path = BitMon.app; sourceTree = BUILT_PRODUCTS_DIR; };
		D5DA2EDB2987217C0046B046 /* AppDelegate.swift */ = {isa = PBXFileReference; lastKnownFileType = sourcecode.swift; path = AppDelegate.swift; sourceTree = "<group>"; };
		D5DA2EDD2987217C0046B046 /* SceneDelegate.swift */ = {isa = PBXFileReference; lastKnownFileType = sourcecode.swift; path = SceneDelegate.swift; sourceTree = "<group>"; };
		D5DA2EDF2987217C0046B046 /* ViewController.swift */ = {isa = PBXFileReference; lastKnownFileType = sourcecode.swift; path = ViewController.swift; sourceTree = "<group>"; };
		D5DA2EE22987217C0046B046 /* Base */ = {isa = PBXFileReference; lastKnownFileType = file.storyboard; name = Base; path = Base.lproj/Main.storyboard; sourceTree = "<group>"; };
		D5DA2EE42987217D0046B046 /* Assets.xcassets */ = {isa = PBXFileReference; lastKnownFileType = folder.assetcatalog; path = Assets.xcassets; sourceTree = "<group>"; };
		D5DA2EE72987217D0046B046 /* Base */ = {isa = PBXFileReference; lastKnownFileType = file.storyboard; name = Base; path = Base.lproj/LaunchScreen.storyboard; sourceTree = "<group>"; };
		D5DA2EE92987217D0046B046 /* Info.plist */ = {isa = PBXFileReference; lastKnownFileType = text.plist.xml; path = Info.plist; sourceTree = "<group>"; };
		D5DA2EEF29872A890046B046 /* Stock.swift */ = {isa = PBXFileReference; lastKnownFileType = sourcecode.swift; path = Stock.swift; sourceTree = "<group>"; };
		D5DA2EF129872C740046B046 /* DataStore.swift */ = {isa = PBXFileReference; lastKnownFileType = sourcecode.swift; path = DataStore.swift; sourceTree = "<group>"; };
		D5DA2EF329872D710046B046 /* Utils.swift */ = {isa = PBXFileReference; lastKnownFileType = sourcecode.swift; path = Utils.swift; sourceTree = "<group>"; };
/* End PBXFileReference section */

/* Begin PBXFrameworksBuildPhase section */
		D5DA2ED52987217C0046B046 /* Frameworks */ = {
			isa = PBXFrameworksBuildPhase;
			buildActionMask = 2147483647;
			files = (
			);
			runOnlyForDeploymentPostprocessing = 0;
		};
/* End PBXFrameworksBuildPhase section */

/* Begin PBXGroup section */
		D5DA2ECF2987217C0046B046 = {
			isa = PBXGroup;
			children = (
				D5DA2EDA2987217C0046B046 /* BitMon */,
				D5DA2ED92987217C0046B046 /* Products */,
			);
			sourceTree = "<group>";
		};
		D5DA2ED92987217C0046B046 /* Products */ = {
			isa = PBXGroup;
			children = (
				D5DA2ED82987217C0046B046 /* BitMon.app */,
			);
			name = Products;
			sourceTree = "<group>";
		};
		D5DA2EDA2987217C0046B046 /* BitMon */ = {
			isa = PBXGroup;
			children = (
				D5DA2EDD2987217C0046B046 /* SceneDelegate.swift */,
				D5DA2EF8298886A50046B046 /* ViewControllers */,
				D5DA2EF9298886D60046B046 /* Storyboards */,
				D5DA2EFA298886FB0046B046 /* Resourses */,
				D5DA2EFB298887270046B046 /* App */,
				D5DA2EF5298886640046B046 /* Models */,
				D5DA2EF72988868B0046B046 /* Utils */,
				D5DA2EF62988867A0046B046 /* Services */,
			);
			path = BitMon;
			sourceTree = "<group>";
		};
		D5DA2EF5298886640046B046 /* Models */ = {
			isa = PBXGroup;
			children = (
				D5DA2EEF29872A890046B046 /* Stock.swift */,
			);
			path = Models;
			sourceTree = "<group>";
		};
		D5DA2EF62988867A0046B046 /* Services */ = {
			isa = PBXGroup;
			children = (
				D5DA2EF129872C740046B046 /* DataStore.swift */,
			);
			path = Services;
			sourceTree = "<group>";
		};
		D5DA2EF72988868B0046B046 /* Utils */ = {
			isa = PBXGroup;
			children = (
				D5DA2EF329872D710046B046 /* Utils.swift */,
			);
			path = Utils;
			sourceTree = "<group>";
		};
		D5DA2EF8298886A50046B046 /* ViewControllers */ = {
			isa = PBXGroup;
			children = (
				D5DA2EDF2987217C0046B046 /* ViewController.swift */,
			);
			path = ViewControllers;
			sourceTree = "<group>";
		};
		D5DA2EF9298886D60046B046 /* Storyboards */ = {
			isa = PBXGroup;
			children = (
				D5DA2EE62987217D0046B046 /* LaunchScreen.storyboard */,
				D5DA2EE12987217C0046B046 /* Main.storyboard */,
			);
			path = Storyboards;
			sourceTree = "<group>";
		};
		D5DA2EFA298886FB0046B046 /* Resourses */ = {
			isa = PBXGroup;
			children = (
				D5DA2EE42987217D0046B046 /* Assets.xcassets */,
			);
			path = Resourses;
			sourceTree = "<group>";
		};
		D5DA2EFB298887270046B046 /* App */ = {
			isa = PBXGroup;
			children = (
				D5DA2EDB2987217C0046B046 /* AppDelegate.swift */,
				D5DA2EE92987217D0046B046 /* Info.plist */,
			);
			path = App;
			sourceTree = "<group>";
		};
/* End PBXGroup section */

/* Begin PBXNativeTarget section */
		D5DA2ED72987217C0046B046 /* BitMon */ = {
			isa = PBXNativeTarget;
			buildConfigurationList = D5DA2EEC2987217D0046B046 /* Build configuration list for PBXNativeTarget "BitMon" */;
			buildPhases = (
				D5DA2ED42987217C0046B046 /* Sources */,
				D5DA2ED52987217C0046B046 /* Frameworks */,
				D5DA2ED62987217C0046B046 /* Resources */,
			);
			buildRules = (
			);
			dependencies = (
			);
			name = BitMon;
			productName = BitMon;
			productReference = D5DA2ED82987217C0046B046 /* BitMon.app */;
			productType = "com.apple.product-type.application";
		};
/* End PBXNativeTarget section */

/* Begin PBXProject section */
		D5DA2ED02987217C0046B046 /* Project object */ = {
			isa = PBXProject;
			attributes = {
				BuildIndependentTargetsInParallel = 1;
				LastSwiftUpdateCheck = 1410;
				LastUpgradeCheck = 1410;
				TargetAttributes = {
					D5DA2ED72987217C0046B046 = {
						CreatedOnToolsVersion = 14.1;
					};
				};
			};
			buildConfigurationList = D5DA2ED32987217C0046B046 /* Build configuration list for PBXProject "BitMon" */;
			compatibilityVersion = "Xcode 14.0";
			developmentRegion = en;
			hasScannedForEncodings = 0;
			knownRegions = (
				en,
				Base,
			);
			mainGroup = D5DA2ECF2987217C0046B046;
			productRefGroup = D5DA2ED92987217C0046B046 /* Products */;
			projectDirPath = "";
			projectRoot = "";
			targets = (
				D5DA2ED72987217C0046B046 /* BitMon */,
			);
		};
/* End PBXProject section */

/* Begin PBXResourcesBuildPhase section */
		D5DA2ED62987217C0046B046 /* Resources */ = {
			isa = PBXResourcesBuildPhase;
			buildActionMask = 2147483647;
			files = (
				D5DA2EE82987217D0046B046 /* LaunchScreen.storyboard in Resources */,
				D5DA2EE52987217D0046B046 /* Assets.xcassets in Resources */,
				D5DA2EE32987217C0046B046 /* Main.storyboard in Resources */,
			);
			runOnlyForDeploymentPostprocessing = 0;
		};
/* End PBXResourcesBuildPhase section */

/* Begin PBXSourcesBuildPhase section */
		D5DA2ED42987217C0046B046 /* Sources */ = {
			isa = PBXSourcesBuildPhase;
			buildActionMask = 2147483647;
			files = (
				D5DA2EE02987217C0046B046 /* ViewController.swift in Sources */,
				D5DA2EDC2987217C0046B046 /* AppDelegate.swift in Sources */,
				D5DA2EF029872A890046B046 /* Stock.swift in Sources */,
				D5DA2EF229872C740046B046 /* DataStore.swift in Sources */,
				D5DA2EDE2987217C0046B046 /* SceneDelegate.swift in Sources */,
				D5DA2EF429872D710046B046 /* Utils.swift in Sources */,
			);
			runOnlyForDeploymentPostprocessing = 0;
		};
/* End PBXSourcesBuildPhase section */

/* Begin PBXVariantGroup section */
		D5DA2EE12987217C0046B046 /* Main.storyboard */ = {
			isa = PBXVariantGroup;
			children = (
				D5DA2EE22987217C0046B046 /* Base */,
			);
			name = Main.storyboard;
			sourceTree = "<group>";
		};
		D5DA2EE62987217D0046B046 /* LaunchScreen.storyboard */ = {
			isa = PBXVariantGroup;
			children = (
				D5DA2EE72987217D0046B046 /* Base */,
			);
			name = LaunchScreen.storyboard;
			sourceTree = "<group>";
		};
/* End PBXVariantGroup section */

/* Begin XCBuildConfiguration section */
		D5DA2EEA2987217D0046B046 /* Debug */ = {
			isa = XCBuildConfiguration;
			buildSettings = {
				ALWAYS_SEARCH_USER_PATHS = NO;
				CLANG_ANALYZER_NONNULL = YES;
				CLANG_ANALYZER_NUMBER_OBJECT_CONVERSION = YES_AGGRESSIVE;
				CLANG_CXX_LANGUAGE_STANDARD = "gnu++20";
				CLANG_ENABLE_MODULES = YES;
				CLANG_ENABLE_OBJC_ARC = YES;
				CLANG_ENABLE_OBJC_WEAK = YES;
				CLANG_WARN_BLOCK_CAPTURE_AUTORELEASING = YES;
				CLANG_WARN_BOOL_CONVERSION = YES;
				CLANG_WARN_COMMA = YES;
				CLANG_WARN_CONSTANT_CONVERSION = YES;
				CLANG_WARN_DEPRECATED_OBJC_IMPLEMENTATIONS = YES;
				CLANG_WARN_DIRECT_OBJC_ISA_USAGE = YES_ERROR;
				CLANG_WARN_DOCUMENTATION_COMMENTS = YES;
				CLANG_WARN_EMPTY_BODY = YES;
				CLANG_WARN_ENUM_CONVERSION = YES;
				CLANG_WARN_INFINITE_RECURSION = YES;
				CLANG_WARN_INT_CONVERSION = YES;
				CLANG_WARN_NON_LITERAL_NULL_CONVERSION = YES;
				CLANG_WARN_OBJC_IMPLICIT_RETAIN_SELF = YES;
				CLANG_WARN_OBJC_LITERAL_CONVERSION = YES;
				CLANG_WARN_OBJC_ROOT_CLASS = YES_ERROR;
				CLANG_WARN_QUOTED_INCLUDE_IN_FRAMEWORK_HEADER = YES;
				CLANG_WARN_RANGE_LOOP_ANALYSIS = YES;
				CLANG_WARN_STRICT_PROTOTYPES = YES;
				CLANG_WARN_SUSPICIOUS_MOVE = YES;
				CLANG_WARN_UNGUARDED_AVAILABILITY = YES_AGGRESSIVE;
				CLANG_WARN_UNREACHABLE_CODE = YES;
				CLANG_WARN__DUPLICATE_METHOD_MATCH = YES;
				COPY_PHASE_STRIP = NO;
				DEBUG_INFORMATION_FORMAT = dwarf;
				ENABLE_STRICT_OBJC_MSGSEND = YES;
				ENABLE_TESTABILITY = YES;
				GCC_C_LANGUAGE_STANDARD = gnu11;
				GCC_DYNAMIC_NO_PIC = NO;
				GCC_NO_COMMON_BLOCKS = YES;
				GCC_OPTIMIZATION_LEVEL = 0;
				GCC_PREPROCESSOR_DEFINITIONS = (
					"DEBUG=1",
					"$(inherited)",
				);
				GCC_WARN_64_TO_32_BIT_CONVERSION = YES;
				GCC_WARN_ABOUT_RETURN_TYPE = YES_ERROR;
				GCC_WARN_UNDECLARED_SELECTOR = YES;
				GCC_WARN_UNINITIALIZED_AUTOS = YES_AGGRESSIVE;
				GCC_WARN_UNUSED_FUNCTION = YES;
				GCC_WARN_UNUSED_VARIABLE = YES;
				IPHONEOS_DEPLOYMENT_TARGET = 16.1;
				MTL_ENABLE_DEBUG_INFO = INCLUDE_SOURCE;
				MTL_FAST_MATH = YES;
				ONLY_ACTIVE_ARCH = YES;
				SDKROOT = iphoneos;
				SWIFT_ACTIVE_COMPILATION_CONDITIONS = DEBUG;
				SWIFT_OPTIMIZATION_LEVEL = "-Onone";
			};
			name = Debug;
		};
		D5DA2EEB2987217D0046B046 /* Release */ = {
			isa = XCBuildConfiguration;
			buildSettings = {
				ALWAYS_SEARCH_USER_PATHS = NO;
				CLANG_ANALYZER_NONNULL = YES;
				CLANG_ANALYZER_NUMBER_OBJECT_CONVERSION = YES_AGGRESSIVE;
				CLANG_CXX_LANGUAGE_STANDARD = "gnu++20";
				CLANG_ENABLE_MODULES = YES;
				CLANG_ENABLE_OBJC_ARC = YES;
				CLANG_ENABLE_OBJC_WEAK = YES;
				CLANG_WARN_BLOCK_CAPTURE_AUTORELEASING = YES;
				CLANG_WARN_BOOL_CONVERSION = YES;
				CLANG_WARN_COMMA = YES;
				CLANG_WARN_CONSTANT_CONVERSION = YES;
				CLANG_WARN_DEPRECATED_OBJC_IMPLEMENTATIONS = YES;
				CLANG_WARN_DIRECT_OBJC_ISA_USAGE = YES_ERROR;
				CLANG_WARN_DOCUMENTATION_COMMENTS = YES;
				CLANG_WARN_EMPTY_BODY = YES;
				CLANG_WARN_ENUM_CONVERSION = YES;
				CLANG_WARN_INFINITE_RECURSION = YES;
				CLANG_WARN_INT_CONVERSION = YES;
				CLANG_WARN_NON_LITERAL_NULL_CONVERSION = YES;
				CLANG_WARN_OBJC_IMPLICIT_RETAIN_SELF = YES;
				CLANG_WARN_OBJC_LITERAL_CONVERSION = YES;
				CLANG_WARN_OBJC_ROOT_CLASS = YES_ERROR;
				CLANG_WARN_QUOTED_INCLUDE_IN_FRAMEWORK_HEADER = YES;
				CLANG_WARN_RANGE_LOOP_ANALYSIS = YES;
				CLANG_WARN_STRICT_PROTOTYPES = YES;
				CLANG_WARN_SUSPICIOUS_MOVE = YES;
				CLANG_WARN_UNGUARDED_AVAILABILITY = YES_AGGRESSIVE;
				CLANG_WARN_UNREACHABLE_CODE = YES;
				CLANG_WARN__DUPLICATE_METHOD_MATCH = YES;
				COPY_PHASE_STRIP = NO;
				DEBUG_INFORMATION_FORMAT = "dwarf-with-dsym";
				ENABLE_NS_ASSERTIONS = NO;
				ENABLE_STRICT_OBJC_MSGSEND = YES;
				GCC_C_LANGUAGE_STANDARD = gnu11;
				GCC_NO_COMMON_BLOCKS = YES;
				GCC_WARN_64_TO_32_BIT_CONVERSION = YES;
				GCC_WARN_ABOUT_RETURN_TYPE = YES_ERROR;
				GCC_WARN_UNDECLARED_SELECTOR = YES;
				GCC_WARN_UNINITIALIZED_AUTOS = YES_AGGRESSIVE;
				GCC_WARN_UNUSED_FUNCTION = YES;
				GCC_WARN_UNUSED_VARIABLE = YES;
				IPHONEOS_DEPLOYMENT_TARGET = 16.1;
				MTL_ENABLE_DEBUG_INFO = NO;
				MTL_FAST_MATH = YES;
				SDKROOT = iphoneos;
				SWIFT_COMPILATION_MODE = wholemodule;
				SWIFT_OPTIMIZATION_LEVEL = "-O";
				VALIDATE_PRODUCT = YES;
			};
			name = Release;
		};
		D5DA2EED2987217D0046B046 /* Debug */ = {
			isa = XCBuildConfiguration;
			buildSettings = {
				ASSETCATALOG_COMPILER_APPICON_NAME = AppIcon;
				ASSETCATALOG_COMPILER_GLOBAL_ACCENT_COLOR_NAME = AccentColor;
				CODE_SIGN_STYLE = Automatic;
				CURRENT_PROJECT_VERSION = 1;
				GENERATE_INFOPLIST_FILE = YES;
				INFOPLIST_FILE = BitMon/Info.plist;
				INFOPLIST_KEY_UIApplicationSupportsIndirectInputEvents = YES;
				INFOPLIST_KEY_UILaunchStoryboardName = LaunchScreen;
				INFOPLIST_KEY_UIMainStoryboardFile = Main;
				INFOPLIST_KEY_UIStatusBarStyle = "";
				INFOPLIST_KEY_UISupportedInterfaceOrientations_iPad = "UIInterfaceOrientationPortrait UIInterfaceOrientationPortraitUpsideDown UIInterfaceOrientationLandscapeLeft UIInterfaceOrientationLandscapeRight";
				INFOPLIST_KEY_UISupportedInterfaceOrientations_iPhone = "UIInterfaceOrientationPortrait UIInterfaceOrientationLandscapeLeft UIInterfaceOrientationLandscapeRight";
				LD_RUNPATH_SEARCH_PATHS = (
					"$(inherited)",
					"@executable_path/Frameworks",
				);
				MARKETING_VERSION = 1.0;
				PRODUCT_BUNDLE_IDENTIFIER = org.sesoft.BitMon;
				PRODUCT_NAME = "$(TARGET_NAME)";
				SWIFT_EMIT_LOC_STRINGS = YES;
				SWIFT_VERSION = 5.0;
				TARGETED_DEVICE_FAMILY = "1,2";
			};
			name = Debug;
		};
		D5DA2EEE2987217D0046B046 /* Release */ = {
			isa = XCBuildConfiguration;
			buildSettings = {
				ASSETCATALOG_COMPILER_APPICON_NAME = AppIcon;
				ASSETCATALOG_COMPILER_GLOBAL_ACCENT_COLOR_NAME = AccentColor;
				CODE_SIGN_STYLE = Automatic;
				CURRENT_PROJECT_VERSION = 1;
				GENERATE_INFOPLIST_FILE = YES;
				INFOPLIST_FILE = BitMon/Info.plist;
				INFOPLIST_KEY_UIApplicationSupportsIndirectInputEvents = YES;
				INFOPLIST_KEY_UILaunchStoryboardName = LaunchScreen;
				INFOPLIST_KEY_UIMainStoryboardFile = Main;
				INFOPLIST_KEY_UIStatusBarStyle = "";
				INFOPLIST_KEY_UISupportedInterfaceOrientations_iPad = "UIInterfaceOrientationPortrait UIInterfaceOrientationPortraitUpsideDown UIInterfaceOrientationLandscapeLeft UIInterfaceOrientationLandscapeRight";
				INFOPLIST_KEY_UISupportedInterfaceOrientations_iPhone = "UIInterfaceOrientationPortrait UIInterfaceOrientationLandscapeLeft UIInterfaceOrientationLandscapeRight";
				LD_RUNPATH_SEARCH_PATHS = (
					"$(inherited)",
					"@executable_path/Frameworks",
				);
				MARKETING_VERSION = 1.0;
				PRODUCT_BUNDLE_IDENTIFIER = org.sesoft.BitMon;
				PRODUCT_NAME = "$(TARGET_NAME)";
				SWIFT_EMIT_LOC_STRINGS = YES;
				SWIFT_VERSION = 5.0;
				TARGETED_DEVICE_FAMILY = "1,2";
			};
			name = Release;
		};
/* End XCBuildConfiguration section */

/* Begin XCConfigurationList section */
		D5DA2ED32987217C0046B046 /* Build configuration list for PBXProject "BitMon" */ = {
			isa = XCConfigurationList;
			buildConfigurations = (
				D5DA2EEA2987217D0046B046 /* Debug */,
				D5DA2EEB2987217D0046B046 /* Release */,
			);
			defaultConfigurationIsVisible = 0;
			defaultConfigurationName = Release;
		};
		D5DA2EEC2987217D0046B046 /* Build configuration list for PBXNativeTarget "BitMon" */ = {
			isa = XCConfigurationList;
			buildConfigurations = (
				D5DA2EED2987217D0046B046 /* Debug */,
				D5DA2EEE2987217D0046B046 /* Release */,
			);
			defaultConfigurationIsVisible = 0;
			defaultConfigurationName = Release;
		};
/* End XCConfigurationList section */
	};
	rootObject = D5DA2ED02987217C0046B046 /* Project object */;
}
